
Microsoft Visual Studio Solution File, Format Version 12.00
# Visual Studio Version 17
VisualStudioVersion = 17.6.33712.159
MinimumVisualStudioVersion = 10.0.40219.1
Project("{FAE04EC0-301F-11D3-BF4B-00C04F79EFBC}") = "MVC-Senac", "MVC-Senac\MVC-Senac.csproj", "{4EA14034-8E88-4BF9-B3A5-FDDDA8FF4892}"
EndProject
Global
	GlobalSection(SolutionConfigurationPlatforms) = preSolution
		Debug|Any CPU = Debug|Any CPU
		Release|Any CPU = Release|Any CPU
	EndGlobalSection
	GlobalSection(ProjectConfigurationPlatforms) = postSolution
		{4EA14034-8E88-4BF9-B3A5-FDDDA8FF4892}.Debug|Any CPU.ActiveCfg = Debug|Any CPU
		{4EA14034-8E88-4BF9-B3A5-FDDDA8FF4892}.Debug|Any CPU.Build.0 = Debug|Any CPU
		{4EA14034-8E88-4BF9-B3A5-FDDDA8FF4892}.Release|Any CPU.ActiveCfg = Release|Any CPU
		{4EA14034-8E88-4BF9-B3A5-FDDDA8FF4892}.Release|Any CPU.Build.0 = Release|Any CPU
	EndGlobalSection
	GlobalSection(SolutionProperties) = preSolution
		HideSolutionNode = FALSE
	EndGlobalSection
	GlobalSection(ExtensibilityGlobals) = postSolution
		SolutionGuid = {49D18E9B-20BF-4DE2-9A28-07AB3D808BA8}
	EndGlobalSection
EndGlobal
